PODS:
  - Masonry (1.1.0)
  - OYPodDemo (0.1.0)

DEPENDENCIES:
  - Masonry
  - OYPodDemo (from `../`)

SPEC REPOS:
  https://github.com/cocoapods/specs.git:
    - Masonry

EXTERNAL SOURCES:
  OYPodDemo:
    :path: "../"

SPEC CHECKSUMS:
  Masonry: 678fab65091a9290e40e2832a55e7ab731aad201
  OYPodDemo: dfa66546e742e7c1a8933f2cb66858cf44611926

PODFILE CHECKSUM: 9d75ad7937e36a02086c98223d9df7ed98ee1b93

COCOAPODS: 1.5.3
