PODS:
  - Masonry (1.1.0)
  - OYPodDemo (0.1.1)

DEPENDENCIES:
  - Masonry
  - OYPodDemo (from `../`)

SPEC REPOS:
  https://github.com/cocoapods/specs.git:
    - Masonry

EXTERNAL SOURCES:
  OYPodDemo:
    :path: "../"

SPEC CHECKSUMS:
  Masonry: 678fab65091a9290e40e2832a55e7ab731aad201
  OYPodDemo: da17be693a5c0214c5ed218527f7b606de952649

PODFILE CHECKSUM: 723f6e575892a59f596185e35f59aedd81ecf0a9

COCOAPODS: 1.5.3
